
Microsoft Visual Studio Solution File, Format Version 12.00
# Visual Studio Version 17
VisualStudioVersion = 17.9.34714.143
MinimumVisualStudioVersion = 10.0.40219.1
Project("{8BC9CEB8-8B4A-11D0-8D11-00A0C91BC942}") = "15_filters", "15_filters\15_filters.vcxproj", "{18CFE58F-E417-44D4-BFCF-3C98F27DC5B0}"
EndProject
Global
	GlobalSection(SolutionConfigurationPlatforms) = preSolution
		Debug|x64 = Debug|x64
		Debug|x86 = Debug|x86
		Release|x64 = Release|x64
		Release|x86 = Release|x86
	EndGlobalSection
	GlobalSection(ProjectConfigurationPlatforms) = postSolution
		{18CFE58F-E417-44D4-BFCF-3C98F27DC5B0}.Debug|x64.ActiveCfg = Debug|x64
		{18CFE58F-E417-44D4-BFCF-3C98F27DC5B0}.Debug|x64.Build.0 = Debug|x64
		{18CFE58F-E417-44D4-BFCF-3C98F27DC5B0}.Debug|x86.ActiveCfg = Debug|Win32
		{18CFE58F-E417-44D4-BFCF-3C98F27DC5B0}.Debug|x86.Build.0 = Debug|Win32
		{18CFE58F-E417-44D4-BFCF-3C98F27DC5B0}.Release|x64.ActiveCfg = Release|x64
		{18CFE58F-E417-44D4-BFCF-3C98F27DC5B0}.Release|x64.Build.0 = Release|x64
		{18CFE58F-E417-44D4-BFCF-3C98F27DC5B0}.Release|x86.ActiveCfg = Release|Win32
		{18CFE58F-E417-44D4-BFCF-3C98F27DC5B0}.Release|x86.Build.0 = Release|Win32
	EndGlobalSection
	GlobalSection(SolutionProperties) = preSolution
		HideSolutionNode = FALSE
	EndGlobalSection
	GlobalSection(ExtensibilityGlobals) = postSolution
		SolutionGuid = {1CAE8087-3D00-417B-84CF-FC4025E36FD1}
	EndGlobalSection
EndGlobal
